DEPENDENCIES
  mongodb_server
    git: https://github.com/GNorfolk/MongoDBCookbook
    revision: 1aba5e691936625ed5e5f004d2b326c0d97485aa
  node-server
    git: https://github.com/GNorfolk/MongoAppCookbook
    revision: c2eb81cd3d452ed758808bd646d84c7afcad8f04

GRAPH
  mongodb_server (0.1.2)
  node-server (0.1.5)
