{
    "version": 3,
    "terraform_version": "0.10.8",
    "serial": 40,
    "lineage": "45d42850-d727-452b-939a-d041768843c4",
    "modules": [
        {
            "path": [
                "root"
            ],
            "outputs": {},
            "resources": {
                "aws_default_network_acl.default": {
                    "type": "aws_default_network_acl",
                    "depends_on": [
                        "aws_vpc.uat"
                    ],
                    "primary": {
                        "id": "acl-20557f49",
                        "attributes": {
                            "default_network_acl_id": "acl-20557f49",
                            "egress.#": "0",
                            "id": "acl-20557f49",
                            "ingress.#": "0",
                            "subnet_ids.#": "0",
                            "tags.%": "1",
                            "tags.Name": "default-george",
                            "vpc_id": "vpc-551e453c"
                        },
                        "meta": {},
                        "tainted": false
                    },
                    "deposed": [],
                    "provider": ""
                },
                "aws_default_route_table.default": {
                    "type": "aws_default_route_table",
                    "depends_on": [
                        "aws_vpc.uat"
                    ],
                    "primary": {
                        "id": "rtb-a687b5cf",
                        "attributes": {
                            "default_route_table_id": "rtb-a687b5cf",
                            "id": "rtb-a687b5cf",
                            "propagating_vgws.#": "0",
                            "route.#": "0",
                            "tags.%": "1",
                            "tags.Name": "default-george",
                            "vpc_id": "vpc-551e453c"
                        },
                        "meta": {},
                        "tainted": false
                    },
                    "deposed": [],
                    "provider": ""
                },
                "aws_instance.app": {
                    "type": "aws_instance",
                    "depends_on": [],
                    "primary": {
                        "id": "i-0dc46e078224f8cc8",
                        "attributes": {
                            "ami": "ami-82ffe3e6",
                            "associate_public_ip_address": "true",
                            "availability_zone": "eu-west-2a",
                            "disable_api_termination": "false",
                            "ebs_block_device.#": "0",
                            "ebs_optimized": "false",
                            "ephemeral_block_device.#": "0",
                            "iam_instance_profile": "",
                            "id": "i-0dc46e078224f8cc8",
                            "instance_state": "running",
                            "instance_type": "t2.micro",
                            "ipv6_addresses.#": "0",
                            "key_name": "",
                            "monitoring": "false",
                            "network_interface.#": "0",
                            "network_interface_id": "eni-b5ef1be0",
                            "primary_network_interface_id": "eni-b5ef1be0",
                            "private_dns": "ip-10-5-1-54.eu-west-2.compute.internal",
                            "private_ip": "10.5.1.54",
                            "public_dns": "",
                            "public_ip": "35.177.86.240",
                            "root_block_device.#": "1",
                            "root_block_device.0.delete_on_termination": "true",
                            "root_block_device.0.iops": "100",
                            "root_block_device.0.volume_size": "8",
                            "root_block_device.0.volume_type": "gp2",
                            "security_groups.#": "0",
                            "source_dest_check": "true",
                            "subnet_id": "subnet-59bef422",
                            "tags.%": "1",
                            "tags.Name": "app-george",
                            "tenancy": "default",
                            "user_data": "a63099e94924a242c8ab756922c85586282e2f24",
                            "volume_tags.%": "0",
                            "vpc_security_group_ids.#": "1",
                            "vpc_security_group_ids.2306157655": "sg-5467b03c"
                        },
                        "meta": {
                            "e2bfb730-ecaa-11e6-8f88-34363bc7c4c0": {
                                "create": 600000000000,
                                "delete": 600000000000,
                                "update": 600000000000
                            },
                            "schema_version": "1"
                        },
                        "tainted": false
                    },
                    "deposed": [],
                    "provider": ""
                },
                "aws_instance.db": {
                    "type": "aws_instance",
                    "depends_on": [],
                    "primary": {
                        "id": "i-0b161e3f8a838a5e7",
                        "attributes": {
                            "ami": "ami-45fde121",
                            "associate_public_ip_address": "false",
                            "availability_zone": "eu-west-2a",
                            "disable_api_termination": "false",
                            "ebs_block_device.#": "0",
                            "ebs_optimized": "false",
                            "ephemeral_block_device.#": "0",
                            "iam_instance_profile": "",
                            "id": "i-0b161e3f8a838a5e7",
                            "instance_state": "running",
                            "instance_type": "t2.micro",
                            "ipv6_addresses.#": "0",
                            "key_name": "",
                            "monitoring": "false",
                            "network_interface.#": "0",
                            "network_interface_id": "eni-26ef1b73",
                            "primary_network_interface_id": "eni-26ef1b73",
                            "private_dns": "ip-10-5-0-84.eu-west-2.compute.internal",
                            "private_ip": "10.5.0.84",
                            "public_dns": "",
                            "public_ip": "",
                            "root_block_device.#": "1",
                            "root_block_device.0.delete_on_termination": "true",
                            "root_block_device.0.iops": "100",
                            "root_block_device.0.volume_size": "8",
                            "root_block_device.0.volume_type": "gp2",
                            "security_groups.#": "0",
                            "source_dest_check": "true",
                            "subnet_id": "subnet-67b9f31c",
                            "tags.%": "1",
                            "tags.Name": "db-george",
                            "tenancy": "default",
                            "volume_tags.%": "0",
                            "vpc_security_group_ids.#": "1",
                            "vpc_security_group_ids.3920748266": "sg-f767b09f"
                        },
                        "meta": {
                            "e2bfb730-ecaa-11e6-8f88-34363bc7c4c0": {
                                "create": 600000000000,
                                "delete": 600000000000,
                                "update": 600000000000
                            },
                            "schema_version": "1"
                        },
                        "tainted": false
                    },
                    "deposed": [],
                    "provider": ""
                },
                "aws_internet_gateway.gw": {
                    "type": "aws_internet_gateway",
                    "depends_on": [
                        "aws_vpc.uat"
                    ],
                    "primary": {
                        "id": "igw-cb28b0a2",
                        "attributes": {
                            "id": "igw-cb28b0a2",
                            "tags.%": "1",
                            "tags.Name": "gw-george",
                            "vpc_id": "vpc-551e453c"
                        },
                        "meta": {},
                        "tainted": false
                    },
                    "deposed": [],
                    "provider": ""
                },
                "aws_network_acl.private": {
                    "type": "aws_network_acl",
                    "depends_on": [
                        "aws_subnet.private",
                        "aws_vpc.uat"
                    ],
                    "primary": {
                        "id": "acl-87547eee",
                        "attributes": {
                            "egress.#": "1",
                            "egress.2907378000.action": "allow",
                            "egress.2907378000.cidr_block": "0.0.0.0/0",
                            "egress.2907378000.from_port": "5432",
                            "egress.2907378000.icmp_code": "0",
                            "egress.2907378000.icmp_type": "0",
                            "egress.2907378000.ipv6_cidr_block": "",
                            "egress.2907378000.protocol": "6",
                            "egress.2907378000.rule_no": "100",
                            "egress.2907378000.to_port": "5432",
                            "id": "acl-87547eee",
                            "ingress.#": "1",
                            "ingress.2907378000.action": "allow",
                            "ingress.2907378000.cidr_block": "0.0.0.0/0",
                            "ingress.2907378000.from_port": "5432",
                            "ingress.2907378000.icmp_code": "0",
                            "ingress.2907378000.icmp_type": "0",
                            "ingress.2907378000.ipv6_cidr_block": "",
                            "ingress.2907378000.protocol": "6",
                            "ingress.2907378000.rule_no": "100",
                            "ingress.2907378000.to_port": "5432",
                            "subnet_ids.#": "1",
                            "subnet_ids.1098954163": "subnet-67b9f31c",
                            "tags.%": "1",
                            "tags.Name": "private-george",
                            "vpc_id": "vpc-551e453c"
                        },
                        "meta": {},
                        "tainted": false
                    },
                    "deposed": [],
                    "provider": ""
                },
                "aws_network_acl.public": {
                    "type": "aws_network_acl",
                    "depends_on": [
                        "aws_subnet.public",
                        "aws_vpc.uat"
                    ],
                    "primary": {
                        "id": "acl-352a005c",
                        "attributes": {
                            "egress.#": "1",
                            "egress.3025578125.action": "allow",
                            "egress.3025578125.cidr_block": "0.0.0.0/0",
                            "egress.3025578125.from_port": "0",
                            "egress.3025578125.icmp_code": "0",
                            "egress.3025578125.icmp_type": "0",
                            "egress.3025578125.ipv6_cidr_block": "",
                            "egress.3025578125.protocol": "6",
                            "egress.3025578125.rule_no": "100",
                            "egress.3025578125.to_port": "65535",
                            "id": "acl-352a005c",
                            "ingress.#": "3",
                            "ingress.1266131049.action": "allow",
                            "ingress.1266131049.cidr_block": "10.5.1.0/24",
                            "ingress.1266131049.from_port": "5432",
                            "ingress.1266131049.icmp_code": "0",
                            "ingress.1266131049.icmp_type": "0",
                            "ingress.1266131049.ipv6_cidr_block": "",
                            "ingress.1266131049.protocol": "6",
                            "ingress.1266131049.rule_no": "100",
                            "ingress.1266131049.to_port": "5432",
                            "ingress.1828654209.action": "allow",
                            "ingress.1828654209.cidr_block": "0.0.0.0/0",
                            "ingress.1828654209.from_port": "433",
                            "ingress.1828654209.icmp_code": "0",
                            "ingress.1828654209.icmp_type": "0",
                            "ingress.1828654209.ipv6_cidr_block": "",
                            "ingress.1828654209.protocol": "6",
                            "ingress.1828654209.rule_no": "300",
                            "ingress.1828654209.to_port": "433",
                            "ingress.766065271.action": "allow",
                            "ingress.766065271.cidr_block": "0.0.0.0/0",
                            "ingress.766065271.from_port": "80",
                            "ingress.766065271.icmp_code": "0",
                            "ingress.766065271.icmp_type": "0",
                            "ingress.766065271.ipv6_cidr_block": "",
                            "ingress.766065271.protocol": "6",
                            "ingress.766065271.rule_no": "200",
                            "ingress.766065271.to_port": "80",
                            "subnet_ids.#": "1",
                            "subnet_ids.1356713955": "subnet-59bef422",
                            "tags.%": "1",
                            "tags.Name": "public-george",
                            "vpc_id": "vpc-551e453c"
                        },
                        "meta": {},
                        "tainted": false
                    },
                    "deposed": [],
                    "provider": ""
                },
                "aws_route_table.public": {
                    "type": "aws_route_table",
                    "depends_on": [
                        "aws_internet_gateway.gw",
                        "aws_vpc.uat"
                    ],
                    "primary": {
                        "id": "rtb-6885b701",
                        "attributes": {
                            "id": "rtb-6885b701",
                            "propagating_vgws.#": "0",
                            "route.#": "1",
                            "route.3056067374.cidr_block": "0.0.0.0/0",
                            "route.3056067374.egress_only_gateway_id": "",
                            "route.3056067374.gateway_id": "igw-cb28b0a2",
                            "route.3056067374.instance_id": "",
                            "route.3056067374.ipv6_cidr_block": "",
                            "route.3056067374.nat_gateway_id": "",
                            "route.3056067374.network_interface_id": "",
                            "route.3056067374.vpc_peering_connection_id": "",
                            "tags.%": "1",
                            "tags.Name": "public-george",
                            "vpc_id": "vpc-551e453c"
                        },
                        "meta": {},
                        "tainted": false
                    },
                    "deposed": [],
                    "provider": ""
                },
                "aws_route_table_association.default": {
                    "type": "aws_route_table_association",
                    "depends_on": [
                        "aws_default_route_table.default",
                        "aws_subnet.private"
                    ],
                    "primary": {
                        "id": "rtbassoc-39738651",
                        "attributes": {
                            "id": "rtbassoc-39738651",
                            "route_table_id": "rtb-a687b5cf",
                            "subnet_id": "subnet-67b9f31c"
                        },
                        "meta": {},
                        "tainted": false
                    },
                    "deposed": [],
                    "provider": ""
                },
                "aws_route_table_association.public": {
                    "type": "aws_route_table_association",
                    "depends_on": [
                        "aws_route_table.public",
                        "aws_subnet.public"
                    ],
                    "primary": {
                        "id": "rtbassoc-1672877e",
                        "attributes": {
                            "id": "rtbassoc-1672877e",
                            "route_table_id": "rtb-6885b701",
                            "subnet_id": "subnet-59bef422"
                        },
                        "meta": {},
                        "tainted": false
                    },
                    "deposed": [],
                    "provider": ""
                },
                "aws_security_group.app": {
                    "type": "aws_security_group",
                    "depends_on": [
                        "aws_vpc.uat"
                    ],
                    "primary": {
                        "id": "sg-5467b03c",
                        "attributes": {
                            "description": "Security group for the app",
                            "egress.#": "1",
                            "egress.1403647648.cidr_blocks.#": "1",
                            "egress.1403647648.cidr_blocks.0": "0.0.0.0/0",
                            "egress.1403647648.description": "",
                            "egress.1403647648.from_port": "0",
                            "egress.1403647648.ipv6_cidr_blocks.#": "0",
                            "egress.1403647648.prefix_list_ids.#": "0",
                            "egress.1403647648.protocol": "tcp",
                            "egress.1403647648.security_groups.#": "0",
                            "egress.1403647648.self": "false",
                            "egress.1403647648.to_port": "65535",
                            "id": "sg-5467b03c",
                            "ingress.#": "2",
                            "ingress.2214680975.cidr_blocks.#": "1",
                            "ingress.2214680975.cidr_blocks.0": "0.0.0.0/0",
                            "ingress.2214680975.description": "",
                            "ingress.2214680975.from_port": "80",
                            "ingress.2214680975.ipv6_cidr_blocks.#": "0",
                            "ingress.2214680975.protocol": "tcp",
                            "ingress.2214680975.security_groups.#": "0",
                            "ingress.2214680975.self": "false",
                            "ingress.2214680975.to_port": "80",
                            "ingress.2617001939.cidr_blocks.#": "1",
                            "ingress.2617001939.cidr_blocks.0": "0.0.0.0/0",
                            "ingress.2617001939.description": "",
                            "ingress.2617001939.from_port": "443",
                            "ingress.2617001939.ipv6_cidr_blocks.#": "0",
                            "ingress.2617001939.protocol": "tcp",
                            "ingress.2617001939.security_groups.#": "0",
                            "ingress.2617001939.self": "false",
                            "ingress.2617001939.to_port": "443",
                            "name": "app-george",
                            "owner_id": "135928476890",
                            "revoke_rules_on_delete": "false",
                            "tags.%": "1",
                            "tags.Name": "app-george",
                            "vpc_id": "vpc-551e453c"
                        },
                        "meta": {
                            "schema_version": "1"
                        },
                        "tainted": false
                    },
                    "deposed": [],
                    "provider": ""
                },
                "aws_security_group.db": {
                    "type": "aws_security_group",
                    "depends_on": [
                        "aws_security_group.app",
                        "aws_vpc.uat"
                    ],
                    "primary": {
                        "id": "sg-f767b09f",
                        "attributes": {
                            "description": "Security group for the db",
                            "egress.#": "1",
                            "egress.1403647648.cidr_blocks.#": "1",
                            "egress.1403647648.cidr_blocks.0": "0.0.0.0/0",
                            "egress.1403647648.description": "",
                            "egress.1403647648.from_port": "0",
                            "egress.1403647648.ipv6_cidr_blocks.#": "0",
                            "egress.1403647648.prefix_list_ids.#": "0",
                            "egress.1403647648.protocol": "tcp",
                            "egress.1403647648.security_groups.#": "0",
                            "egress.1403647648.self": "false",
                            "egress.1403647648.to_port": "65535",
                            "id": "sg-f767b09f",
                            "ingress.#": "1",
                            "ingress.3988232731.cidr_blocks.#": "0",
                            "ingress.3988232731.description": "",
                            "ingress.3988232731.from_port": "5432",
                            "ingress.3988232731.ipv6_cidr_blocks.#": "0",
                            "ingress.3988232731.protocol": "tcp",
                            "ingress.3988232731.security_groups.#": "1",
                            "ingress.3988232731.security_groups.2306157655": "sg-5467b03c",
                            "ingress.3988232731.self": "false",
                            "ingress.3988232731.to_port": "5432",
                            "name": "db-george",
                            "owner_id": "135928476890",
                            "revoke_rules_on_delete": "false",
                            "tags.%": "1",
                            "tags.Name": "db-george",
                            "vpc_id": "vpc-551e453c"
                        },
                        "meta": {
                            "schema_version": "1"
                        },
                        "tainted": false
                    },
                    "deposed": [],
                    "provider": ""
                },
                "aws_subnet.private": {
                    "type": "aws_subnet",
                    "depends_on": [
                        "aws_vpc.uat"
                    ],
                    "primary": {
                        "id": "subnet-67b9f31c",
                        "attributes": {
                            "assign_ipv6_address_on_creation": "false",
                            "availability_zone": "eu-west-2a",
                            "cidr_block": "10.5.0.0/24",
                            "id": "subnet-67b9f31c",
                            "map_public_ip_on_launch": "false",
                            "tags.%": "1",
                            "tags.Name": "private-george",
                            "vpc_id": "vpc-551e453c"
                        },
                        "meta": {
                            "schema_version": "1"
                        },
                        "tainted": false
                    },
                    "deposed": [],
                    "provider": ""
                },
                "aws_subnet.public": {
                    "type": "aws_subnet",
                    "depends_on": [
                        "aws_vpc.uat"
                    ],
                    "primary": {
                        "id": "subnet-59bef422",
                        "attributes": {
                            "assign_ipv6_address_on_creation": "false",
                            "availability_zone": "eu-west-2a",
                            "cidr_block": "10.5.1.0/24",
                            "id": "subnet-59bef422",
                            "map_public_ip_on_launch": "true",
                            "tags.%": "1",
                            "tags.Name": "public-george",
                            "vpc_id": "vpc-551e453c"
                        },
                        "meta": {
                            "schema_version": "1"
                        },
                        "tainted": false
                    },
                    "deposed": [],
                    "provider": ""
                },
                "aws_vpc.uat": {
                    "type": "aws_vpc",
                    "depends_on": [],
                    "primary": {
                        "id": "vpc-551e453c",
                        "attributes": {
                            "assign_generated_ipv6_cidr_block": "false",
                            "cidr_block": "10.5.0.0/16",
                            "default_network_acl_id": "acl-20557f49",
                            "default_route_table_id": "rtb-a687b5cf",
                            "default_security_group_id": "sg-1065b278",
                            "dhcp_options_id": "dopt-c022f2a9",
                            "enable_dns_hostnames": "false",
                            "enable_dns_support": "true",
                            "id": "vpc-551e453c",
                            "instance_tenancy": "default",
                            "main_route_table_id": "rtb-a687b5cf",
                            "tags.%": "1",
                            "tags.Name": "uat-george"
                        },
                        "meta": {
                            "schema_version": "1"
                        },
                        "tainted": false
                    },
                    "deposed": [],
                    "provider": ""
                },
                "data.template_file.init": {
                    "type": "template_file",
                    "depends_on": [
                        "aws_instance.db"
                    ],
                    "primary": {
                        "id": "1bca676815bfdbb2e13fae17da14fd660a28d9a339d2285358841256b998225f",
                        "attributes": {
                            "id": "1bca676815bfdbb2e13fae17da14fd660a28d9a339d2285358841256b998225f",
                            "rendered": "cd /home/ubuntu/app\n\nexport DB_HOST=mongodb://10.5.0.84/posts\n\npm2 start app.js",
                            "template": "cd /home/ubuntu/app\n\nexport DB_HOST=mongodb://${db_host_ip}/posts\n\npm2 start app.js",
                            "vars.%": "1",
                            "vars.db_host_ip": "10.5.0.84"
                        },
                        "meta": {},
                        "tainted": false
                    },
                    "deposed": [],
                    "provider": ""
                }
            },
            "depends_on": []
        }
    ]
}
