{
    "version": 3,
    "terraform_version": "0.10.8",
    "serial": 29,
    "lineage": "45d42850-d727-452b-939a-d041768843c4",
    "modules": [
        {
            "path": [
                "root"
            ],
            "outputs": {},
            "resources": {
                "aws_default_network_acl.default": {
                    "type": "aws_default_network_acl",
                    "depends_on": [
                        "aws_vpc.uat"
                    ],
                    "primary": {
                        "id": "acl-b44f65dd",
                        "attributes": {
                            "default_network_acl_id": "acl-b44f65dd",
                            "egress.#": "0",
                            "id": "acl-b44f65dd",
                            "ingress.#": "0",
                            "subnet_ids.#": "2",
                            "subnet_ids.2678702881": "subnet-7315723e",
                            "subnet_ids.3196167074": "subnet-991770d4",
                            "tags.%": "1",
                            "tags.Name": "default-george",
                            "vpc_id": "vpc-c0f7afa9"
                        },
                        "meta": {},
                        "tainted": false
                    },
                    "deposed": [],
                    "provider": ""
                },
                "aws_default_route_table.default": {
                    "type": "aws_default_route_table",
                    "depends_on": [
                        "aws_vpc.uat"
                    ],
                    "primary": {
                        "id": "rtb-a7ab99ce",
                        "attributes": {
                            "default_route_table_id": "rtb-a7ab99ce",
                            "id": "rtb-a7ab99ce",
                            "propagating_vgws.#": "0",
                            "route.#": "0",
                            "tags.%": "1",
                            "tags.Name": "default-george",
                            "vpc_id": "vpc-c0f7afa9"
                        },
                        "meta": {},
                        "tainted": false
                    },
                    "deposed": [],
                    "provider": ""
                },
                "aws_instance.app": {
                    "type": "aws_instance",
                    "depends_on": [
                        "aws_subnet.public"
                    ],
                    "primary": {
                        "id": "i-03c9679ad4a9bf392",
                        "attributes": {
                            "ami": "ami-01dfc365",
                            "associate_public_ip_address": "false",
                            "availability_zone": "eu-west-2b",
                            "disable_api_termination": "false",
                            "ebs_block_device.#": "0",
                            "ebs_optimized": "false",
                            "ephemeral_block_device.#": "0",
                            "iam_instance_profile": "",
                            "id": "i-03c9679ad4a9bf392",
                            "instance_state": "running",
                            "instance_type": "t2.micro",
                            "ipv6_addresses.#": "0",
                            "key_name": "",
                            "monitoring": "false",
                            "network_interface.#": "0",
                            "network_interface_id": "eni-45a2af6d",
                            "primary_network_interface_id": "eni-45a2af6d",
                            "private_dns": "ip-10-5-1-167.eu-west-2.compute.internal",
                            "private_ip": "10.5.1.167",
                            "public_dns": "",
                            "public_ip": "",
                            "root_block_device.#": "1",
                            "root_block_device.0.delete_on_termination": "true",
                            "root_block_device.0.iops": "100",
                            "root_block_device.0.volume_size": "8",
                            "root_block_device.0.volume_type": "gp2",
                            "security_groups.#": "0",
                            "source_dest_check": "true",
                            "subnet_id": "subnet-991770d4",
                            "tags.%": "1",
                            "tags.Name": "app-george",
                            "tenancy": "default",
                            "volume_tags.%": "0",
                            "vpc_security_group_ids.#": "1",
                            "vpc_security_group_ids.3892066625": "sg-e0538488"
                        },
                        "meta": {
                            "e2bfb730-ecaa-11e6-8f88-34363bc7c4c0": {
                                "create": 600000000000,
                                "delete": 600000000000,
                                "update": 600000000000
                            },
                            "schema_version": "1"
                        },
                        "tainted": false
                    },
                    "deposed": [],
                    "provider": ""
                },
                "aws_instance.db": {
                    "type": "aws_instance",
                    "depends_on": [
                        "aws_subnet.private"
                    ],
                    "primary": {
                        "id": "i-0a60989d2d1745191",
                        "attributes": {
                            "ami": "ami-01dfc365",
                            "associate_public_ip_address": "false",
                            "availability_zone": "eu-west-2b",
                            "disable_api_termination": "false",
                            "ebs_block_device.#": "0",
                            "ebs_optimized": "false",
                            "ephemeral_block_device.#": "0",
                            "iam_instance_profile": "",
                            "id": "i-0a60989d2d1745191",
                            "instance_state": "running",
                            "instance_type": "t2.micro",
                            "ipv6_addresses.#": "0",
                            "key_name": "",
                            "monitoring": "false",
                            "network_interface.#": "0",
                            "network_interface_id": "eni-baa0ad92",
                            "primary_network_interface_id": "eni-baa0ad92",
                            "private_dns": "ip-10-5-0-45.eu-west-2.compute.internal",
                            "private_ip": "10.5.0.45",
                            "public_dns": "",
                            "public_ip": "",
                            "root_block_device.#": "1",
                            "root_block_device.0.delete_on_termination": "true",
                            "root_block_device.0.iops": "100",
                            "root_block_device.0.volume_size": "8",
                            "root_block_device.0.volume_type": "gp2",
                            "security_groups.#": "0",
                            "source_dest_check": "true",
                            "subnet_id": "subnet-7315723e",
                            "tags.%": "1",
                            "tags.Name": "db-george",
                            "tenancy": "default",
                            "volume_tags.%": "0",
                            "vpc_security_group_ids.#": "1",
                            "vpc_security_group_ids.3892066625": "sg-e0538488"
                        },
                        "meta": {
                            "e2bfb730-ecaa-11e6-8f88-34363bc7c4c0": {
                                "create": 600000000000,
                                "delete": 600000000000,
                                "update": 600000000000
                            },
                            "schema_version": "1"
                        },
                        "tainted": false
                    },
                    "deposed": [],
                    "provider": ""
                },
                "aws_internet_gateway.gw": {
                    "type": "aws_internet_gateway",
                    "depends_on": [
                        "aws_vpc.uat"
                    ],
                    "primary": {
                        "id": "igw-b738a0de",
                        "attributes": {
                            "id": "igw-b738a0de",
                            "tags.%": "1",
                            "tags.Name": "gw-george",
                            "vpc_id": "vpc-c0f7afa9"
                        },
                        "meta": {},
                        "tainted": false
                    },
                    "deposed": [],
                    "provider": ""
                },
                "aws_network_acl.private": {
                    "type": "aws_network_acl",
                    "depends_on": [
                        "aws_vpc.uat"
                    ],
                    "primary": {
                        "id": "acl-a84e64c1",
                        "attributes": {
                            "egress.#": "1",
                            "egress.2907378000.action": "allow",
                            "egress.2907378000.cidr_block": "0.0.0.0/0",
                            "egress.2907378000.from_port": "5432",
                            "egress.2907378000.icmp_code": "0",
                            "egress.2907378000.icmp_type": "0",
                            "egress.2907378000.ipv6_cidr_block": "",
                            "egress.2907378000.protocol": "6",
                            "egress.2907378000.rule_no": "100",
                            "egress.2907378000.to_port": "5432",
                            "id": "acl-a84e64c1",
                            "ingress.#": "1",
                            "ingress.2907378000.action": "allow",
                            "ingress.2907378000.cidr_block": "0.0.0.0/0",
                            "ingress.2907378000.from_port": "5432",
                            "ingress.2907378000.icmp_code": "0",
                            "ingress.2907378000.icmp_type": "0",
                            "ingress.2907378000.ipv6_cidr_block": "",
                            "ingress.2907378000.protocol": "6",
                            "ingress.2907378000.rule_no": "100",
                            "ingress.2907378000.to_port": "5432",
                            "subnet_ids.#": "0",
                            "tags.%": "1",
                            "tags.Name": "private-george",
                            "vpc_id": "vpc-c0f7afa9"
                        },
                        "meta": {},
                        "tainted": false
                    },
                    "deposed": [],
                    "provider": ""
                },
                "aws_network_acl.public": {
                    "type": "aws_network_acl",
                    "depends_on": [
                        "aws_vpc.uat"
                    ],
                    "primary": {
                        "id": "acl-ab4e64c2",
                        "attributes": {
                            "egress.#": "3",
                            "egress.1222510970.action": "allow",
                            "egress.1222510970.cidr_block": "0.0.0.0/0",
                            "egress.1222510970.from_port": "443",
                            "egress.1222510970.icmp_code": "0",
                            "egress.1222510970.icmp_type": "0",
                            "egress.1222510970.ipv6_cidr_block": "",
                            "egress.1222510970.protocol": "6",
                            "egress.1222510970.rule_no": "200",
                            "egress.1222510970.to_port": "443",
                            "egress.2373456417.action": "allow",
                            "egress.2373456417.cidr_block": "10.5.1.0/24",
                            "egress.2373456417.from_port": "5432",
                            "egress.2373456417.icmp_code": "0",
                            "egress.2373456417.icmp_type": "0",
                            "egress.2373456417.ipv6_cidr_block": "",
                            "egress.2373456417.protocol": "6",
                            "egress.2373456417.rule_no": "300",
                            "egress.2373456417.to_port": "5432",
                            "egress.2654803892.action": "allow",
                            "egress.2654803892.cidr_block": "0.0.0.0/0",
                            "egress.2654803892.from_port": "80",
                            "egress.2654803892.icmp_code": "0",
                            "egress.2654803892.icmp_type": "0",
                            "egress.2654803892.ipv6_cidr_block": "",
                            "egress.2654803892.protocol": "6",
                            "egress.2654803892.rule_no": "100",
                            "egress.2654803892.to_port": "80",
                            "id": "acl-ab4e64c2",
                            "ingress.#": "3",
                            "ingress.1266131049.action": "allow",
                            "ingress.1266131049.cidr_block": "10.5.1.0/24",
                            "ingress.1266131049.from_port": "5432",
                            "ingress.1266131049.icmp_code": "0",
                            "ingress.1266131049.icmp_type": "0",
                            "ingress.1266131049.ipv6_cidr_block": "",
                            "ingress.1266131049.protocol": "6",
                            "ingress.1266131049.rule_no": "100",
                            "ingress.1266131049.to_port": "5432",
                            "ingress.1828654209.action": "allow",
                            "ingress.1828654209.cidr_block": "0.0.0.0/0",
                            "ingress.1828654209.from_port": "433",
                            "ingress.1828654209.icmp_code": "0",
                            "ingress.1828654209.icmp_type": "0",
                            "ingress.1828654209.ipv6_cidr_block": "",
                            "ingress.1828654209.protocol": "6",
                            "ingress.1828654209.rule_no": "300",
                            "ingress.1828654209.to_port": "433",
                            "ingress.766065271.action": "allow",
                            "ingress.766065271.cidr_block": "0.0.0.0/0",
                            "ingress.766065271.from_port": "80",
                            "ingress.766065271.icmp_code": "0",
                            "ingress.766065271.icmp_type": "0",
                            "ingress.766065271.ipv6_cidr_block": "",
                            "ingress.766065271.protocol": "6",
                            "ingress.766065271.rule_no": "200",
                            "ingress.766065271.to_port": "80",
                            "subnet_ids.#": "0",
                            "tags.%": "1",
                            "tags.Name": "public-george",
                            "vpc_id": "vpc-c0f7afa9"
                        },
                        "meta": {},
                        "tainted": false
                    },
                    "deposed": [],
                    "provider": ""
                },
                "aws_route_table.public": {
                    "type": "aws_route_table",
                    "depends_on": [
                        "aws_internet_gateway.gw",
                        "aws_vpc.uat"
                    ],
                    "primary": {
                        "id": "rtb-9ca597f5",
                        "attributes": {
                            "id": "rtb-9ca597f5",
                            "propagating_vgws.#": "0",
                            "route.#": "1",
                            "route.3784157195.cidr_block": "0.0.0.0/0",
                            "route.3784157195.egress_only_gateway_id": "",
                            "route.3784157195.gateway_id": "igw-b738a0de",
                            "route.3784157195.instance_id": "",
                            "route.3784157195.ipv6_cidr_block": "",
                            "route.3784157195.nat_gateway_id": "",
                            "route.3784157195.network_interface_id": "",
                            "route.3784157195.vpc_peering_connection_id": "",
                            "tags.%": "1",
                            "tags.Name": "public-george",
                            "vpc_id": "vpc-c0f7afa9"
                        },
                        "meta": {},
                        "tainted": false
                    },
                    "deposed": [],
                    "provider": ""
                },
                "aws_route_table_association.default": {
                    "type": "aws_route_table_association",
                    "depends_on": [
                        "aws_default_route_table.default",
                        "aws_subnet.private"
                    ],
                    "primary": {
                        "id": "rtbassoc-df10e5b7",
                        "attributes": {
                            "id": "rtbassoc-df10e5b7",
                            "route_table_id": "rtb-a7ab99ce",
                            "subnet_id": "subnet-7315723e"
                        },
                        "meta": {},
                        "tainted": false
                    },
                    "deposed": [],
                    "provider": ""
                },
                "aws_route_table_association.public": {
                    "type": "aws_route_table_association",
                    "depends_on": [
                        "aws_route_table.public",
                        "aws_subnet.public"
                    ],
                    "primary": {
                        "id": "rtbassoc-0811e460",
                        "attributes": {
                            "id": "rtbassoc-0811e460",
                            "route_table_id": "rtb-9ca597f5",
                            "subnet_id": "subnet-991770d4"
                        },
                        "meta": {},
                        "tainted": false
                    },
                    "deposed": [],
                    "provider": ""
                },
                "aws_security_group.app": {
                    "type": "aws_security_group",
                    "depends_on": [
                        "aws_vpc.uat"
                    ],
                    "primary": {
                        "id": "sg-805384e8",
                        "attributes": {
                            "description": "Security group for the app",
                            "egress.#": "1",
                            "egress.532441254.cidr_blocks.#": "1",
                            "egress.532441254.cidr_blocks.0": "0.0.0.0/0",
                            "egress.532441254.description": "",
                            "egress.532441254.from_port": "0",
                            "egress.532441254.ipv6_cidr_blocks.#": "0",
                            "egress.532441254.prefix_list_ids.#": "0",
                            "egress.532441254.protocol": "-1",
                            "egress.532441254.security_groups.#": "0",
                            "egress.532441254.self": "false",
                            "egress.532441254.to_port": "65535",
                            "id": "sg-805384e8",
                            "ingress.#": "2",
                            "ingress.2214680975.cidr_blocks.#": "1",
                            "ingress.2214680975.cidr_blocks.0": "0.0.0.0/0",
                            "ingress.2214680975.description": "",
                            "ingress.2214680975.from_port": "80",
                            "ingress.2214680975.ipv6_cidr_blocks.#": "0",
                            "ingress.2214680975.protocol": "tcp",
                            "ingress.2214680975.security_groups.#": "0",
                            "ingress.2214680975.self": "false",
                            "ingress.2214680975.to_port": "80",
                            "ingress.2617001939.cidr_blocks.#": "1",
                            "ingress.2617001939.cidr_blocks.0": "0.0.0.0/0",
                            "ingress.2617001939.description": "",
                            "ingress.2617001939.from_port": "443",
                            "ingress.2617001939.ipv6_cidr_blocks.#": "0",
                            "ingress.2617001939.protocol": "tcp",
                            "ingress.2617001939.security_groups.#": "0",
                            "ingress.2617001939.self": "false",
                            "ingress.2617001939.to_port": "443",
                            "name": "app-george",
                            "revoke_rules_on_delete": "false",
                            "tags.%": "1",
                            "tags.Name": "app-george",
                            "vpc_id": "vpc-c0f7afa9"
                        },
                        "meta": {
                            "schema_version": "1"
                        },
                        "tainted": false
                    },
                    "deposed": [],
                    "provider": ""
                },
                "aws_subnet.private": {
                    "type": "aws_subnet",
                    "depends_on": [
                        "aws_vpc.uat"
                    ],
                    "primary": {
                        "id": "subnet-7315723e",
                        "attributes": {
                            "assign_ipv6_address_on_creation": "false",
                            "availability_zone": "eu-west-2b",
                            "cidr_block": "10.5.0.0/24",
                            "id": "subnet-7315723e",
                            "map_public_ip_on_launch": "false",
                            "tags.%": "1",
                            "tags.Name": "private-george",
                            "vpc_id": "vpc-c0f7afa9"
                        },
                        "meta": {
                            "schema_version": "1"
                        },
                        "tainted": false
                    },
                    "deposed": [],
                    "provider": ""
                },
                "aws_subnet.public": {
                    "type": "aws_subnet",
                    "depends_on": [
                        "aws_vpc.uat"
                    ],
                    "primary": {
                        "id": "subnet-991770d4",
                        "attributes": {
                            "assign_ipv6_address_on_creation": "false",
                            "availability_zone": "eu-west-2b",
                            "cidr_block": "10.5.1.0/24",
                            "id": "subnet-991770d4",
                            "map_public_ip_on_launch": "false",
                            "tags.%": "1",
                            "tags.Name": "public-george",
                            "vpc_id": "vpc-c0f7afa9"
                        },
                        "meta": {
                            "schema_version": "1"
                        },
                        "tainted": false
                    },
                    "deposed": [],
                    "provider": ""
                },
                "aws_vpc.uat": {
                    "type": "aws_vpc",
                    "depends_on": [],
                    "primary": {
                        "id": "vpc-c0f7afa9",
                        "attributes": {
                            "assign_generated_ipv6_cidr_block": "false",
                            "cidr_block": "10.5.0.0/16",
                            "default_network_acl_id": "acl-b44f65dd",
                            "default_route_table_id": "rtb-a7ab99ce",
                            "default_security_group_id": "sg-e0538488",
                            "dhcp_options_id": "dopt-c022f2a9",
                            "enable_dns_hostnames": "false",
                            "enable_dns_support": "true",
                            "id": "vpc-c0f7afa9",
                            "instance_tenancy": "default",
                            "main_route_table_id": "rtb-a7ab99ce",
                            "tags.%": "1",
                            "tags.Name": "uat-george"
                        },
                        "meta": {
                            "schema_version": "1"
                        },
                        "tainted": false
                    },
                    "deposed": [],
                    "provider": ""
                }
            },
            "depends_on": []
        }
    ]
}
